// !$*UTF8*$!
{
	archiveVersion = 1;
	classes = {
	};
	objectVersion = 46;
	objects = {

/* Begin PBXBuildFile section */
		AB73DFA71BEB11860001F4B4 /* AES.cpp in Sources */ = {isa = PBXBuildFile; fileRef = AB73DFA51BEB11860001F4B4 /* AES.cpp */; };
		AB73DFAA1BEB11C10001F4B4 /* fundamentals.cpp in Sources */ = {isa = PBXBuildFile; fileRef = AB73DFA81BEB11C10001F4B4 /* fundamentals.cpp */; };
		ABEE74091BD4ED81001392A4 /* Rijndael.cpp in Sources */ = {isa = PBXBuildFile; fileRef = ABEE74041BD4ED81001392A4 /* Rijndael.cpp */; };
		ABEE740A1BD4ED81001392A4 /* Test.cpp in Sources */ = {isa = PBXBuildFile; fileRef = ABEE74081BD4ED81001392A4 /* Test.cpp */; };
/* End PBXBuildFile section */

/* Begin PBXCopyFilesBuildPhase section */
		AB9F650F1BCBF552004BE253 /* CopyFiles */ = {
			isa = PBXCopyFilesBuildPhase;
			buildActionMask = 2147483647;
			dstPath = /usr/share/man/man1/;
			dstSubfolderSpec = 0;
			files = (
			);
			runOnlyForDeploymentPostprocessing = 1;
		};
/* End PBXCopyFilesBuildPhase section */

/* Begin PBXFileReference section */
		AB73DFA51BEB11860001F4B4 /* AES.cpp */ = {isa = PBXFileReference; fileEncoding = 4; lastKnownFileType = sourcecode.cpp.cpp; path = AES.cpp; sourceTree = SOURCE_ROOT; };
		AB73DFA61BEB11860001F4B4 /* AES.h */ = {isa = PBXFileReference; fileEncoding = 4; lastKnownFileType = sourcecode.c.h; path = AES.h; sourceTree = SOURCE_ROOT; };
		AB73DFA81BEB11C10001F4B4 /* fundamentals.cpp */ = {isa = PBXFileReference; fileEncoding = 4; lastKnownFileType = sourcecode.cpp.cpp; path = fundamentals.cpp; sourceTree = SOURCE_ROOT; };
		AB73DFA91BEB11C10001F4B4 /* fundamentals.h */ = {isa = PBXFileReference; fileEncoding = 4; lastKnownFileType = sourcecode.c.h; path = fundamentals.h; sourceTree = SOURCE_ROOT; };
		AB9F65111BCBF552004BE253 /* AES_Rijndael */ = {isa = PBXFileReference; explicitFileType = "compiled.mach-o.executable"; includeInIndex = 0; path = AES_Rijndael; sourceTree = BUILT_PRODUCTS_DIR; };
		ABEE74041BD4ED81001392A4 /* Rijndael.cpp */ = {isa = PBXFileReference; fileEncoding = 4; lastKnownFileType = sourcecode.cpp.cpp; path = Rijndael.cpp; sourceTree = SOURCE_ROOT; };
		ABEE74071BD4ED81001392A4 /* Rijndael.h */ = {isa = PBXFileReference; fileEncoding = 4; lastKnownFileType = sourcecode.c.h; path = Rijndael.h; sourceTree = SOURCE_ROOT; };
		ABEE74081BD4ED81001392A4 /* Test.cpp */ = {isa = PBXFileReference; fileEncoding = 4; lastKnownFileType = sourcecode.cpp.cpp; path = Test.cpp; sourceTree = SOURCE_ROOT; };
/* End PBXFileReference section */

/* Begin PBXFrameworksBuildPhase section */
		AB9F650E1BCBF552004BE253 /* Frameworks */ = {
			isa = PBXFrameworksBuildPhase;
			buildActionMask = 2147483647;
			files = (
			);
			runOnlyForDeploymentPostprocessing = 0;
		};
/* End PBXFrameworksBuildPhase section */

/* Begin PBXGroup section */
		AB9F65081BCBF552004BE253 = {
			isa = PBXGroup;
			children = (
				AB9F65131BCBF552004BE253 /* AES_Rijndael */,
				AB9F65121BCBF552004BE253 /* Products */,
			);
			sourceTree = "<group>";
		};
		AB9F65121BCBF552004BE253 /* Products */ = {
			isa = PBXGroup;
			children = (
				AB9F65111BCBF552004BE253 /* AES_Rijndael */,
			);
			name = Products;
			sourceTree = "<group>";
		};
		AB9F65131BCBF552004BE253 /* AES_Rijndael */ = {
			isa = PBXGroup;
			children = (
				AB73DFA81BEB11C10001F4B4 /* fundamentals.cpp */,
				AB73DFA91BEB11C10001F4B4 /* fundamentals.h */,
				AB73DFA51BEB11860001F4B4 /* AES.cpp */,
				AB73DFA61BEB11860001F4B4 /* AES.h */,
				ABEE74041BD4ED81001392A4 /* Rijndael.cpp */,
				ABEE74071BD4ED81001392A4 /* Rijndael.h */,
				ABEE74081BD4ED81001392A4 /* Test.cpp */,
			);
			path = AES_Rijndael;
			sourceTree = "<group>";
		};
/* End PBXGroup section */

/* Begin PBXNativeTarget section */
		AB9F65101BCBF552004BE253 /* AES_Rijndael */ = {
			isa = PBXNativeTarget;
			buildConfigurationList = AB9F65181BCBF552004BE253 /* Build configuration list for PBXNativeTarget "AES_Rijndael" */;
			buildPhases = (
				AB9F650D1BCBF552004BE253 /* Sources */,
				AB9F650E1BCBF552004BE253 /* Frameworks */,
				AB9F650F1BCBF552004BE253 /* CopyFiles */,
			);
			buildRules = (
			);
			dependencies = (
			);
			name = AES_Rijndael;
			productName = AES_Rijndael;
			productReference = AB9F65111BCBF552004BE253 /* AES_Rijndael */;
			productType = "com.apple.product-type.tool";
		};
/* End PBXNativeTarget section */

/* Begin PBXProject section */
		AB9F65091BCBF552004BE253 /* Project object */ = {
			isa = PBXProject;
			attributes = {
				LastUpgradeCheck = 0630;
				ORGANIZATIONNAME = "Minh Tri Tran";
				TargetAttributes = {
					AB9F65101BCBF552004BE253 = {
						CreatedOnToolsVersion = 6.3.2;
					};
				};
			};
			buildConfigurationList = AB9F650C1BCBF552004BE253 /* Build configuration list for PBXProject "AES_Rijndael" */;
			compatibilityVersion = "Xcode 3.2";
			developmentRegion = English;
			hasScannedForEncodings = 0;
			knownRegions = (
				en,
			);
			mainGroup = AB9F65081BCBF552004BE253;
			productRefGroup = AB9F65121BCBF552004BE253 /* Products */;
			projectDirPath = "";
			projectRoot = "";
			targets = (
				AB9F65101BCBF552004BE253 /* AES_Rijndael */,
			);
		};
/* End PBXProject section */

/* Begin PBXSourcesBuildPhase section */
		AB9F650D1BCBF552004BE253 /* Sources */ = {
			isa = PBXSourcesBuildPhase;
			buildActionMask = 2147483647;
			files = (
				AB73DFA71BEB11860001F4B4 /* AES.cpp in Sources */,
				ABEE74091BD4ED81001392A4 /* Rijndael.cpp in Sources */,
				ABEE740A1BD4ED81001392A4 /* Test.cpp in Sources */,
				AB73DFAA1BEB11C10001F4B4 /* fundamentals.cpp in Sources */,
			);
			runOnlyForDeploymentPostprocessing = 0;
		};
/* End PBXSourcesBuildPhase section */

/* Begin XCBuildConfiguration section */
		AB9F65161BCBF552004BE253 /* Debug */ = {
			isa = XCBuildConfiguration;
			buildSettings = {
				ALWAYS_SEARCH_USER_PATHS = NO;
				CLANG_CXX_LANGUAGE_STANDARD = "gnu++0x";
				CLANG_CXX_LIBRARY = "libc++";
				CLANG_ENABLE_MODULES = YES;
				CLANG_ENABLE_OBJC_ARC = YES;
				CLANG_WARN_BOOL_CONVERSION = YES;
				CLANG_WARN_CONSTANT_CONVERSION = YES;
				CLANG_WARN_DIRECT_OBJC_ISA_USAGE = YES_ERROR;
				CLANG_WARN_EMPTY_BODY = YES;
				CLANG_WARN_ENUM_CONVERSION = YES;
				CLANG_WARN_INT_CONVERSION = YES;
				CLANG_WARN_OBJC_ROOT_CLASS = YES_ERROR;
				CLANG_WARN_UNREACHABLE_CODE = YES;
				CLANG_WARN__DUPLICATE_METHOD_MATCH = YES;
				COPY_PHASE_STRIP = NO;
				DEBUG_INFORMATION_FORMAT = dwarf;
				ENABLE_STRICT_OBJC_MSGSEND = YES;
				GCC_C_LANGUAGE_STANDARD = gnu99;
				GCC_DYNAMIC_NO_PIC = NO;
				GCC_NO_COMMON_BLOCKS = YES;
				GCC_OPTIMIZATION_LEVEL = 0;
				GCC_PREPROCESSOR_DEFINITIONS = (
					"DEBUG=1",
					"$(inherited)",
				);
				GCC_SYMBOLS_PRIVATE_EXTERN = NO;
				GCC_WARN_64_TO_32_BIT_CONVERSION = YES;
				GCC_WARN_ABOUT_RETURN_TYPE = YES_ERROR;
				GCC_WARN_UNDECLARED_SELECTOR = YES;
				GCC_WARN_UNINITIALIZED_AUTOS = YES_AGGRESSIVE;
				GCC_WARN_UNUSED_FUNCTION = YES;
				GCC_WARN_UNUSED_VARIABLE = YES;
				MACOSX_DEPLOYMENT_TARGET = 10.10;
				MTL_ENABLE_DEBUG_INFO = YES;
				ONLY_ACTIVE_ARCH = YES;
				SDKROOT = macosx;
			};
			name = Debug;
		};
		AB9F65171BCBF552004BE253 /* Release */ = {
			isa = XCBuildConfiguration;
			buildSettings = {
				ALWAYS_SEARCH_USER_PATHS = NO;
				CLANG_CXX_LANGUAGE_STANDARD = "gnu++0x";
				CLANG_CXX_LIBRARY = "libc++";
				CLANG_ENABLE_MODULES = YES;
				CLANG_ENABLE_OBJC_ARC = YES;
				CLANG_WARN_BOOL_CONVERSION = YES;
				CLANG_WARN_CONSTANT_CONVERSION = YES;
				CLANG_WARN_DIRECT_OBJC_ISA_USAGE = YES_ERROR;
				CLANG_WARN_EMPTY_BODY = YES;
				CLANG_WARN_ENUM_CONVERSION = YES;
				CLANG_WARN_INT_CONVERSION = YES;
				CLANG_WARN_OBJC_ROOT_CLASS = YES_ERROR;
				CLANG_WARN_UNREACHABLE_CODE = YES;
				CLANG_WARN__DUPLICATE_METHOD_MATCH = YES;
				COPY_PHASE_STRIP = NO;
				DEBUG_INFORMATION_FORMAT = "dwarf-with-dsym";
				ENABLE_NS_ASSERTIONS = NO;
				ENABLE_STRICT_OBJC_MSGSEND = YES;
				GCC_C_LANGUAGE_STANDARD = gnu99;
				GCC_NO_COMMON_BLOCKS = YES;
				GCC_WARN_64_TO_32_BIT_CONVERSION = YES;
				GCC_WARN_ABOUT_RETURN_TYPE = YES_ERROR;
				GCC_WARN_UNDECLARED_SELECTOR = YES;
				GCC_WARN_UNINITIALIZED_AUTOS = YES_AGGRESSIVE;
				GCC_WARN_UNUSED_FUNCTION = YES;
				GCC_WARN_UNUSED_VARIABLE = YES;
				MACOSX_DEPLOYMENT_TARGET = 10.10;
				MTL_ENABLE_DEBUG_INFO = NO;
				SDKROOT = macosx;
			};
			name = Release;
		};
		AB9F65191BCBF552004BE253 /* Debug */ = {
			isa = XCBuildConfiguration;
			buildSettings = {
				PRODUCT_NAME = "$(TARGET_NAME)";
			};
			name = Debug;
		};
		AB9F651A1BCBF552004BE253 /* Release */ = {
			isa = XCBuildConfiguration;
			buildSettings = {
				PRODUCT_NAME = "$(TARGET_NAME)";
			};
			name = Release;
		};
/* End XCBuildConfiguration section */

/* Begin XCConfigurationList section */
		AB9F650C1BCBF552004BE253 /* Build configuration list for PBXProject "AES_Rijndael" */ = {
			isa = XCConfigurationList;
			buildConfigurations = (
				AB9F65161BCBF552004BE253 /* Debug */,
				AB9F65171BCBF552004BE253 /* Release */,
			);
			defaultConfigurationIsVisible = 0;
			defaultConfigurationName = Release;
		};
		AB9F65181BCBF552004BE253 /* Build configuration list for PBXNativeTarget "AES_Rijndael" */ = {
			isa = XCConfigurationList;
			buildConfigurations = (
				AB9F65191BCBF552004BE253 /* Debug */,
				AB9F651A1BCBF552004BE253 /* Release */,
			);
			defaultConfigurationIsVisible = 0;
			defaultConfigurationName = Release;
		};
/* End XCConfigurationList section */
	};
	rootObject = AB9F65091BCBF552004BE253 /* Project object */;
}
